
Microsoft Visual Studio Solution File, Format Version 12.00
# Visual Studio Version 16
VisualStudioVersion = 16.0.30011.22
MinimumVisualStudioVersion = 10.0.40219.1
Project("{FAE04EC0-301F-11D3-BF4B-00C04F79EFBC}") = "SignalR_Chat", "SignalR_Chat\SignalR_Chat.csproj", "{47DCA0F4-9C91-40BF-A47B-CF1999CF9907}"
EndProject
Global
	GlobalSection(SolutionConfigurationPlatforms) = preSolution
		Debug|Any CPU = Debug|Any CPU
		Release|Any CPU = Release|Any CPU
	EndGlobalSection
	GlobalSection(ProjectConfigurationPlatforms) = postSolution
		{47DCA0F4-9C91-40BF-A47B-CF1999CF9907}.Debug|Any CPU.ActiveCfg = Debug|Any CPU
		{47DCA0F4-9C91-40BF-A47B-CF1999CF9907}.Debug|Any CPU.Build.0 = Debug|Any CPU
		{47DCA0F4-9C91-40BF-A47B-CF1999CF9907}.Release|Any CPU.ActiveCfg = Release|Any CPU
		{47DCA0F4-9C91-40BF-A47B-CF1999CF9907}.Release|Any CPU.Build.0 = Release|Any CPU
	EndGlobalSection
	GlobalSection(SolutionProperties) = preSolution
		HideSolutionNode = FALSE
	EndGlobalSection
	GlobalSection(ExtensibilityGlobals) = postSolution
		SolutionGuid = {AD237FEE-02AA-41AE-A514-26136F6465A2}
	EndGlobalSection
EndGlobal
